
Microsoft Visual Studio Solution File, Format Version 10.00
# Visual Studio 2008
Project("{FAE04EC0-301F-11D3-BF4B-00C04F79EFBC}") = "WPF_Threading_CSharp", "WPF_Threading_CSharp\WPF_Threading_CSharp.csproj", "{7E932CD8-6EAC-48CB-96C3-C433B9D4F82A}"
EndProject
Global
	GlobalSection(SolutionConfigurationPlatforms) = preSolution
		Debug|Any CPU = Debug|Any CPU
		Release|Any CPU = Release|Any CPU
	EndGlobalSection
	GlobalSection(ProjectConfigurationPlatforms) = postSolution
		{7E932CD8-6EAC-48CB-96C3-C433B9D4F82A}.Debug|Any CPU.ActiveCfg = Debug|Any CPU
		{7E932CD8-6EAC-48CB-96C3-C433B9D4F82A}.Debug|Any CPU.Build.0 = Debug|Any CPU
		{7E932CD8-6EAC-48CB-96C3-C433B9D4F82A}.Release|Any CPU.ActiveCfg = Release|Any CPU
		{7E932CD8-6EAC-48CB-96C3-C433B9D4F82A}.Release|Any CPU.Build.0 = Release|Any CPU
	EndGlobalSection
	GlobalSection(SolutionProperties) = preSolution
		HideSolutionNode = FALSE
	EndGlobalSection
EndGlobal
