
Microsoft Visual Studio Solution File, Format Version 10.00
# Visual Studio 2008
Project("{FAE04EC0-301F-11D3-BF4B-00C04F79EFBC}") = "PhoneDirectory", "PhoneDirectory\PhoneDirectory.csproj", "{F938DB8E-E96F-4796-9A29-357E36227C14}"
EndProject
Project("{FAE04EC0-301F-11D3-BF4B-00C04F79EFBC}") = "CommonLibrary", "CommonLibrary\CommonLibrary.csproj", "{5FAB3107-CA7C-4C7A-8E21-8AA9276B7CB5}"
EndProject
Project("{54435603-DBB4-11D2-8724-00A0C9A8B90C}") = "Setup", "Setup\Setup.vdproj", "{514B8515-A202-4167-84D4-B576C7F2136B}"
EndProject
Project("{FAE04EC0-301F-11D3-BF4B-00C04F79EFBC}") = "ControlPanel", "ControlPanel\ControlPanel.csproj", "{4BD93106-F530-464F-B747-2C200440B8CB}"
EndProject
Project("{FAE04EC0-301F-11D3-BF4B-00C04F79EFBC}") = "InstallerClassDLL", "InstallerClassDLL\InstallerClassDLL.csproj", "{A38B1C66-3793-46BE-9D64-58719066C13F}"
EndProject
Project("{FAE04EC0-301F-11D3-BF4B-00C04F79EFBC}") = "ProductLib", "..\License Generator\Product Key Generator\ProductLib\ProductLib.csproj", "{168D5329-ED64-4661-A397-F6F71D78095D}"
EndProject
Project("{FAE04EC0-301F-11D3-BF4B-00C04F79EFBC}") = "KeyboardHookLib", "KeyboardHookLib\KeyboardHookLib.csproj", "{42F444FC-DE4E-438F-83FC-71CF9FA3E406}"
EndProject
Global
	GlobalSection(SolutionConfigurationPlatforms) = preSolution
		Debug|Any CPU = Debug|Any CPU
		Release|Any CPU = Release|Any CPU
	EndGlobalSection
	GlobalSection(ProjectConfigurationPlatforms) = postSolution
		{F938DB8E-E96F-4796-9A29-357E36227C14}.Debug|Any CPU.ActiveCfg = Debug|Any CPU
		{F938DB8E-E96F-4796-9A29-357E36227C14}.Debug|Any CPU.Build.0 = Debug|Any CPU
		{F938DB8E-E96F-4796-9A29-357E36227C14}.Release|Any CPU.ActiveCfg = Release|Any CPU
		{F938DB8E-E96F-4796-9A29-357E36227C14}.Release|Any CPU.Build.0 = Release|Any CPU
		{5FAB3107-CA7C-4C7A-8E21-8AA9276B7CB5}.Debug|Any CPU.ActiveCfg = Debug|Any CPU
		{5FAB3107-CA7C-4C7A-8E21-8AA9276B7CB5}.Debug|Any CPU.Build.0 = Debug|Any CPU
		{5FAB3107-CA7C-4C7A-8E21-8AA9276B7CB5}.Release|Any CPU.ActiveCfg = Release|Any CPU
		{5FAB3107-CA7C-4C7A-8E21-8AA9276B7CB5}.Release|Any CPU.Build.0 = Release|Any CPU
		{514B8515-A202-4167-84D4-B576C7F2136B}.Debug|Any CPU.ActiveCfg = Debug
		{514B8515-A202-4167-84D4-B576C7F2136B}.Release|Any CPU.ActiveCfg = Release
		{4BD93106-F530-464F-B747-2C200440B8CB}.Debug|Any CPU.ActiveCfg = Debug|Any CPU
		{4BD93106-F530-464F-B747-2C200440B8CB}.Debug|Any CPU.Build.0 = Debug|Any CPU
		{4BD93106-F530-464F-B747-2C200440B8CB}.Release|Any CPU.ActiveCfg = Release|Any CPU
		{4BD93106-F530-464F-B747-2C200440B8CB}.Release|Any CPU.Build.0 = Release|Any CPU
		{A38B1C66-3793-46BE-9D64-58719066C13F}.Debug|Any CPU.ActiveCfg = Debug|Any CPU
		{A38B1C66-3793-46BE-9D64-58719066C13F}.Debug|Any CPU.Build.0 = Debug|Any CPU
		{A38B1C66-3793-46BE-9D64-58719066C13F}.Release|Any CPU.ActiveCfg = Release|Any CPU
		{A38B1C66-3793-46BE-9D64-58719066C13F}.Release|Any CPU.Build.0 = Release|Any CPU
		{168D5329-ED64-4661-A397-F6F71D78095D}.Debug|Any CPU.ActiveCfg = Debug|Any CPU
		{168D5329-ED64-4661-A397-F6F71D78095D}.Debug|Any CPU.Build.0 = Debug|Any CPU
		{168D5329-ED64-4661-A397-F6F71D78095D}.Release|Any CPU.ActiveCfg = Release|Any CPU
		{168D5329-ED64-4661-A397-F6F71D78095D}.Release|Any CPU.Build.0 = Release|Any CPU
		{42F444FC-DE4E-438F-83FC-71CF9FA3E406}.Debug|Any CPU.ActiveCfg = Debug|Any CPU
		{42F444FC-DE4E-438F-83FC-71CF9FA3E406}.Debug|Any CPU.Build.0 = Debug|Any CPU
		{42F444FC-DE4E-438F-83FC-71CF9FA3E406}.Release|Any CPU.ActiveCfg = Release|Any CPU
		{42F444FC-DE4E-438F-83FC-71CF9FA3E406}.Release|Any CPU.Build.0 = Release|Any CPU
	EndGlobalSection
	GlobalSection(SolutionProperties) = preSolution
		HideSolutionNode = FALSE
	EndGlobalSection
EndGlobal
